
Microsoft Visual Studio Solution File, Format Version 12.00
# Visual Studio Version 17
VisualStudioVersion = 17.1.32120.378
MinimumVisualStudioVersion = 10.0.40219.1
Project("{2150E333-8FDC-42A3-9474-1A3956D46DE8}") = "Examples", "Examples", "{81151975-C9E8-4417-8313-45C0A3AC0EFB}"
EndProject
Project("{9A19103F-16F7-4668-BE54-9A1E7A4F7556}") = "Buttons", "Buttons\Buttons.csproj", "{ADD5DD9C-39C8-4638-82B4-C05FD0AE81C8}"
EndProject
Project("{9A19103F-16F7-4668-BE54-9A1E7A4F7556}") = "Calendar", "Calendar\Calendar.csproj", "{EA6DFF1E-4359-4A8D-BF30-EC8BBA089CDE}"
EndProject
Project("{9A19103F-16F7-4668-BE54-9A1E7A4F7556}") = "CheckSum", "CheckSum\CheckSum.csproj", "{FC9FE102-2BA7-4261-A89B-23ACE281062D}"
EndProject
Project("{9A19103F-16F7-4668-BE54-9A1E7A4F7556}") = "CircularProgressBar", "CircularProgressBar\CircularProgressBar.csproj", "{9D234F54-5B20-4BE6-8D73-254D2A33583C}"
EndProject
Project("{9A19103F-16F7-4668-BE54-9A1E7A4F7556}") = "ComboBox", "ComboBox\ComboBox.csproj", "{C749C5D5-01EE-49A5-8EA4-D02DC877D6A3}"
EndProject
Project("{9A19103F-16F7-4668-BE54-9A1E7A4F7556}") = "ComboBoxExtApp", "ComboBoxExtApp\ComboBoxExtApp.csproj", "{B73F22BF-7E80-4526-9D9F-66EE73BED25E}"
EndProject
Project("{9A19103F-16F7-4668-BE54-9A1E7A4F7556}") = "Controls", "Controls\Controls.csproj", "{F7C1FB43-3DD4-4B38-9A93-6E3FE581A93A}"
EndProject
Project("{9A19103F-16F7-4668-BE54-9A1E7A4F7556}") = "DataGridViewExt", "DataGridView\DataGridViewExt.csproj", "{65DF5880-FEEC-4E35-9824-0B1A19C6CB2A}"
EndProject
Project("{9A19103F-16F7-4668-BE54-9A1E7A4F7556}") = "DataVisualisation", "DataVisualisation\DataVisualisation.csproj", "{5746F5BC-337F-4911-A397-44D1E25E317F}"
EndProject
Project("{9A19103F-16F7-4668-BE54-9A1E7A4F7556}") = "DeveloperUtilities", "DeveloperUtilities\DeveloperUtilities.csproj", "{E6DBC509-F19F-48F5-BDB4-64DDDD85D9CB}"
EndProject
Project("{9A19103F-16F7-4668-BE54-9A1E7A4F7556}") = "Dialogs", "Dialogs\Dialogs.csproj", "{3A9D899A-ABAD-44B4-878F-0F20FE3986AB}"
EndProject
Project("{9A19103F-16F7-4668-BE54-9A1E7A4F7556}") = "DrawingUtilities", "DrawingUtilities\DrawingUtilities.csproj", "{E99E5308-CB8C-48CE-ADFF-3006EEF5CB2D}"
EndProject
Project("{9A19103F-16F7-4668-BE54-9A1E7A4F7556}") = "Effects", "Effects\Effects.csproj", "{4963B723-D943-42FB-B3B9-331114162FDA}"
EndProject
Project("{9A19103F-16F7-4668-BE54-9A1E7A4F7556}") = "ErrorReporting", "ErrorReporting\ErrorReporting.csproj", "{F975DDAF-15DC-44A6-8A46-2AC171F814C5}"
EndProject
Project("{9A19103F-16F7-4668-BE54-9A1E7A4F7556}") = "FileCopy", "FileCopy\FileCopy.csproj", "{90737D99-C531-485B-B623-C9A11E9DE672}"
EndProject
Project("{9A19103F-16F7-4668-BE54-9A1E7A4F7556}") = "FloatingToolbars", "FloatingToolbars\FloatingToolbars.csproj", "{F55B8EA3-4C00-4DE9-9F68-1776DBF25FD9}"
EndProject
Project("{9A19103F-16F7-4668-BE54-9A1E7A4F7556}") = "InputBox", "InputBox\InputBox.csproj", "{B669F619-BB65-467A-B4AA-4E34A191BD20}"
EndProject
Project("{9A19103F-16F7-4668-BE54-9A1E7A4F7556}") = "MessageBox", "MessageBox\MessageBox.csproj", "{59E10D9B-1A68-4F14-9DE8-9EA9956B8CC0}"
EndProject
Project("{9A19103F-16F7-4668-BE54-9A1E7A4F7556}") = "Navigator", "Navigator\Navigator.csproj", "{0773B0E0-9C08-44C1-8E22-1E44C8E2057B}"
EndProject
Project("{9A19103F-16F7-4668-BE54-9A1E7A4F7556}") = "Notifications", "Notifications\Notifications.csproj", "{7437608E-12AB-4CB8-BC86-669F25E8D1DF}"
EndProject
Project("{9A19103F-16F7-4668-BE54-9A1E7A4F7556}") = "OutlookGrid", "OutlookGrid\OutlookGrid.csproj", "{05C372C9-6E4E-45F4-8146-8B721612136A}"
EndProject
Project("{9A19103F-16F7-4668-BE54-9A1E7A4F7556}") = "ThemeSwitcher", "ThemeSwitcher\ThemeSwitcher.csproj", "{0F64AC36-F622-4B21-BE34-E34333BE0EFF}"
EndProject
Project("{9A19103F-16F7-4668-BE54-9A1E7A4F7556}") = "Toast", "Toast\Toast.csproj", "{34003614-D20E-4745-ADB4-A54DC8882994}"
EndProject
Project("{9A19103F-16F7-4668-BE54-9A1E7A4F7556}") = "ToolStripItems", "ToolStripItems\ToolStripItems.csproj", "{2BFE13A0-01CB-4D18-805A-6ED25FE02A9E}"
EndProject
Project("{9A19103F-16F7-4668-BE54-9A1E7A4F7556}") = "TreeGridView", "TreeGridView\TreeGridView.csproj", "{24158137-7703-469C-9F65-0FFE1ED83BE2}"
EndProject
Project("{9A19103F-16F7-4668-BE54-9A1E7A4F7556}") = "TreeGridViewApp", "TreeGridViewApp\TreeGridViewApp.csproj", "{5E83BDDA-D9DF-4BB5-B2BF-89811A8C0FC0}"
EndProject
Project("{9A19103F-16F7-4668-BE54-9A1E7A4F7556}") = "VirtualTreeColumnViewApp", "VirtualTreeColumnViewApp\VirtualTreeColumnViewApp.csproj", "{A17A61D3-81A3-4067-8041-4D0098B97577}"
EndProject
Project("{9A19103F-16F7-4668-BE54-9A1E7A4F7556}") = "Wizard", "Wizard\Wizard.csproj", "{79561B1E-1989-42CA-B1D6-2DCD1C1C9235}"
EndProject
Global
	GlobalSection(SolutionConfigurationPlatforms) = preSolution
		Canary|Any CPU = Canary|Any CPU
		Debug|Any CPU = Debug|Any CPU
		Nightly|Any CPU = Nightly|Any CPU
		Release|Any CPU = Release|Any CPU
		Stable|Any CPU = Stable|Any CPU
	EndGlobalSection
	GlobalSection(ProjectConfigurationPlatforms) = postSolution
		{ADD5DD9C-39C8-4638-82B4-C05FD0AE81C8}.Canary|Any CPU.ActiveCfg = Canary|Any CPU
		{ADD5DD9C-39C8-4638-82B4-C05FD0AE81C8}.Canary|Any CPU.Build.0 = Canary|Any CPU
		{ADD5DD9C-39C8-4638-82B4-C05FD0AE81C8}.Debug|Any CPU.ActiveCfg = Debug|Any CPU
		{ADD5DD9C-39C8-4638-82B4-C05FD0AE81C8}.Debug|Any CPU.Build.0 = Debug|Any CPU
		{ADD5DD9C-39C8-4638-82B4-C05FD0AE81C8}.Nightly|Any CPU.ActiveCfg = Nightly|Any CPU
		{ADD5DD9C-39C8-4638-82B4-C05FD0AE81C8}.Nightly|Any CPU.Build.0 = Nightly|Any CPU
		{ADD5DD9C-39C8-4638-82B4-C05FD0AE81C8}.Release|Any CPU.ActiveCfg = Release|Any CPU
		{ADD5DD9C-39C8-4638-82B4-C05FD0AE81C8}.Release|Any CPU.Build.0 = Release|Any CPU
		{ADD5DD9C-39C8-4638-82B4-C05FD0AE81C8}.Stable|Any CPU.ActiveCfg = Stable|Any CPU
		{ADD5DD9C-39C8-4638-82B4-C05FD0AE81C8}.Stable|Any CPU.Build.0 = Stable|Any CPU
		{EA6DFF1E-4359-4A8D-BF30-EC8BBA089CDE}.Canary|Any CPU.ActiveCfg = Canary|Any CPU
		{EA6DFF1E-4359-4A8D-BF30-EC8BBA089CDE}.Canary|Any CPU.Build.0 = Canary|Any CPU
		{EA6DFF1E-4359-4A8D-BF30-EC8BBA089CDE}.Debug|Any CPU.ActiveCfg = Debug|Any CPU
		{EA6DFF1E-4359-4A8D-BF30-EC8BBA089CDE}.Debug|Any CPU.Build.0 = Debug|Any CPU
		{EA6DFF1E-4359-4A8D-BF30-EC8BBA089CDE}.Nightly|Any CPU.ActiveCfg = Nightly|Any CPU
		{EA6DFF1E-4359-4A8D-BF30-EC8BBA089CDE}.Nightly|Any CPU.Build.0 = Nightly|Any CPU
		{EA6DFF1E-4359-4A8D-BF30-EC8BBA089CDE}.Release|Any CPU.ActiveCfg = Release|Any CPU
		{EA6DFF1E-4359-4A8D-BF30-EC8BBA089CDE}.Release|Any CPU.Build.0 = Release|Any CPU
		{EA6DFF1E-4359-4A8D-BF30-EC8BBA089CDE}.Stable|Any CPU.ActiveCfg = Stable|Any CPU
		{EA6DFF1E-4359-4A8D-BF30-EC8BBA089CDE}.Stable|Any CPU.Build.0 = Stable|Any CPU
		{FC9FE102-2BA7-4261-A89B-23ACE281062D}.Canary|Any CPU.ActiveCfg = Canary|Any CPU
		{FC9FE102-2BA7-4261-A89B-23ACE281062D}.Canary|Any CPU.Build.0 = Canary|Any CPU
		{FC9FE102-2BA7-4261-A89B-23ACE281062D}.Debug|Any CPU.ActiveCfg = Debug|Any CPU
		{FC9FE102-2BA7-4261-A89B-23ACE281062D}.Debug|Any CPU.Build.0 = Debug|Any CPU
		{FC9FE102-2BA7-4261-A89B-23ACE281062D}.Nightly|Any CPU.ActiveCfg = Nightly|Any CPU
		{FC9FE102-2BA7-4261-A89B-23ACE281062D}.Nightly|Any CPU.Build.0 = Nightly|Any CPU
		{FC9FE102-2BA7-4261-A89B-23ACE281062D}.Release|Any CPU.ActiveCfg = Release|Any CPU
		{FC9FE102-2BA7-4261-A89B-23ACE281062D}.Release|Any CPU.Build.0 = Release|Any CPU
		{FC9FE102-2BA7-4261-A89B-23ACE281062D}.Stable|Any CPU.ActiveCfg = Stable|Any CPU
		{FC9FE102-2BA7-4261-A89B-23ACE281062D}.Stable|Any CPU.Build.0 = Stable|Any CPU
		{9D234F54-5B20-4BE6-8D73-254D2A33583C}.Canary|Any CPU.ActiveCfg = Canary|Any CPU
		{9D234F54-5B20-4BE6-8D73-254D2A33583C}.Canary|Any CPU.Build.0 = Canary|Any CPU
		{9D234F54-5B20-4BE6-8D73-254D2A33583C}.Debug|Any CPU.ActiveCfg = Debug|Any CPU
		{9D234F54-5B20-4BE6-8D73-254D2A33583C}.Debug|Any CPU.Build.0 = Debug|Any CPU
		{9D234F54-5B20-4BE6-8D73-254D2A33583C}.Nightly|Any CPU.ActiveCfg = Nightly|Any CPU
		{9D234F54-5B20-4BE6-8D73-254D2A33583C}.Nightly|Any CPU.Build.0 = Nightly|Any CPU
		{9D234F54-5B20-4BE6-8D73-254D2A33583C}.Release|Any CPU.ActiveCfg = Release|Any CPU
		{9D234F54-5B20-4BE6-8D73-254D2A33583C}.Release|Any CPU.Build.0 = Release|Any CPU
		{9D234F54-5B20-4BE6-8D73-254D2A33583C}.Stable|Any CPU.ActiveCfg = Stable|Any CPU
		{9D234F54-5B20-4BE6-8D73-254D2A33583C}.Stable|Any CPU.Build.0 = Stable|Any CPU
		{C749C5D5-01EE-49A5-8EA4-D02DC877D6A3}.Canary|Any CPU.ActiveCfg = Canary|Any CPU
		{C749C5D5-01EE-49A5-8EA4-D02DC877D6A3}.Canary|Any CPU.Build.0 = Canary|Any CPU
		{C749C5D5-01EE-49A5-8EA4-D02DC877D6A3}.Debug|Any CPU.ActiveCfg = Debug|Any CPU
		{C749C5D5-01EE-49A5-8EA4-D02DC877D6A3}.Debug|Any CPU.Build.0 = Debug|Any CPU
		{C749C5D5-01EE-49A5-8EA4-D02DC877D6A3}.Nightly|Any CPU.ActiveCfg = Nightly|Any CPU
		{C749C5D5-01EE-49A5-8EA4-D02DC877D6A3}.Nightly|Any CPU.Build.0 = Nightly|Any CPU
		{C749C5D5-01EE-49A5-8EA4-D02DC877D6A3}.Release|Any CPU.ActiveCfg = Release|Any CPU
		{C749C5D5-01EE-49A5-8EA4-D02DC877D6A3}.Release|Any CPU.Build.0 = Release|Any CPU
		{C749C5D5-01EE-49A5-8EA4-D02DC877D6A3}.Stable|Any CPU.ActiveCfg = Stable|Any CPU
		{C749C5D5-01EE-49A5-8EA4-D02DC877D6A3}.Stable|Any CPU.Build.0 = Stable|Any CPU
		{B73F22BF-7E80-4526-9D9F-66EE73BED25E}.Canary|Any CPU.ActiveCfg = Canary|Any CPU
		{B73F22BF-7E80-4526-9D9F-66EE73BED25E}.Canary|Any CPU.Build.0 = Canary|Any CPU
		{B73F22BF-7E80-4526-9D9F-66EE73BED25E}.Debug|Any CPU.ActiveCfg = Debug|Any CPU
		{B73F22BF-7E80-4526-9D9F-66EE73BED25E}.Debug|Any CPU.Build.0 = Debug|Any CPU
		{B73F22BF-7E80-4526-9D9F-66EE73BED25E}.Nightly|Any CPU.ActiveCfg = Nightly|Any CPU
		{B73F22BF-7E80-4526-9D9F-66EE73BED25E}.Nightly|Any CPU.Build.0 = Nightly|Any CPU
		{B73F22BF-7E80-4526-9D9F-66EE73BED25E}.Release|Any CPU.ActiveCfg = Release|Any CPU
		{B73F22BF-7E80-4526-9D9F-66EE73BED25E}.Release|Any CPU.Build.0 = Release|Any CPU
		{B73F22BF-7E80-4526-9D9F-66EE73BED25E}.Stable|Any CPU.ActiveCfg = Stable|Any CPU
		{B73F22BF-7E80-4526-9D9F-66EE73BED25E}.Stable|Any CPU.Build.0 = Stable|Any CPU
		{F7C1FB43-3DD4-4B38-9A93-6E3FE581A93A}.Canary|Any CPU.ActiveCfg = Canary|Any CPU
		{F7C1FB43-3DD4-4B38-9A93-6E3FE581A93A}.Canary|Any CPU.Build.0 = Canary|Any CPU
		{F7C1FB43-3DD4-4B38-9A93-6E3FE581A93A}.Debug|Any CPU.ActiveCfg = Debug|Any CPU
		{F7C1FB43-3DD4-4B38-9A93-6E3FE581A93A}.Debug|Any CPU.Build.0 = Debug|Any CPU
		{F7C1FB43-3DD4-4B38-9A93-6E3FE581A93A}.Nightly|Any CPU.ActiveCfg = Nightly|Any CPU
		{F7C1FB43-3DD4-4B38-9A93-6E3FE581A93A}.Nightly|Any CPU.Build.0 = Nightly|Any CPU
		{F7C1FB43-3DD4-4B38-9A93-6E3FE581A93A}.Release|Any CPU.ActiveCfg = Release|Any CPU
		{F7C1FB43-3DD4-4B38-9A93-6E3FE581A93A}.Release|Any CPU.Build.0 = Release|Any CPU
		{F7C1FB43-3DD4-4B38-9A93-6E3FE581A93A}.Stable|Any CPU.ActiveCfg = Stable|Any CPU
		{F7C1FB43-3DD4-4B38-9A93-6E3FE581A93A}.Stable|Any CPU.Build.0 = Stable|Any CPU
		{65DF5880-FEEC-4E35-9824-0B1A19C6CB2A}.Canary|Any CPU.ActiveCfg = Canary|Any CPU
		{65DF5880-FEEC-4E35-9824-0B1A19C6CB2A}.Canary|Any CPU.Build.0 = Canary|Any CPU
		{65DF5880-FEEC-4E35-9824-0B1A19C6CB2A}.Debug|Any CPU.ActiveCfg = Debug|Any CPU
		{65DF5880-FEEC-4E35-9824-0B1A19C6CB2A}.Debug|Any CPU.Build.0 = Debug|Any CPU
		{65DF5880-FEEC-4E35-9824-0B1A19C6CB2A}.Nightly|Any CPU.ActiveCfg = Nightly|Any CPU
		{65DF5880-FEEC-4E35-9824-0B1A19C6CB2A}.Nightly|Any CPU.Build.0 = Nightly|Any CPU
		{65DF5880-FEEC-4E35-9824-0B1A19C6CB2A}.Release|Any CPU.ActiveCfg = Release|Any CPU
		{65DF5880-FEEC-4E35-9824-0B1A19C6CB2A}.Release|Any CPU.Build.0 = Release|Any CPU
		{65DF5880-FEEC-4E35-9824-0B1A19C6CB2A}.Stable|Any CPU.ActiveCfg = Stable|Any CPU
		{65DF5880-FEEC-4E35-9824-0B1A19C6CB2A}.Stable|Any CPU.Build.0 = Stable|Any CPU
		{5746F5BC-337F-4911-A397-44D1E25E317F}.Canary|Any CPU.ActiveCfg = Canary|Any CPU
		{5746F5BC-337F-4911-A397-44D1E25E317F}.Canary|Any CPU.Build.0 = Canary|Any CPU
		{5746F5BC-337F-4911-A397-44D1E25E317F}.Debug|Any CPU.ActiveCfg = Debug|Any CPU
		{5746F5BC-337F-4911-A397-44D1E25E317F}.Debug|Any CPU.Build.0 = Debug|Any CPU
		{5746F5BC-337F-4911-A397-44D1E25E317F}.Nightly|Any CPU.ActiveCfg = Nightly|Any CPU
		{5746F5BC-337F-4911-A397-44D1E25E317F}.Nightly|Any CPU.Build.0 = Nightly|Any CPU
		{5746F5BC-337F-4911-A397-44D1E25E317F}.Release|Any CPU.ActiveCfg = Release|Any CPU
		{5746F5BC-337F-4911-A397-44D1E25E317F}.Release|Any CPU.Build.0 = Release|Any CPU
		{5746F5BC-337F-4911-A397-44D1E25E317F}.Stable|Any CPU.ActiveCfg = Stable|Any CPU
		{5746F5BC-337F-4911-A397-44D1E25E317F}.Stable|Any CPU.Build.0 = Stable|Any CPU
		{E6DBC509-F19F-48F5-BDB4-64DDDD85D9CB}.Canary|Any CPU.ActiveCfg = Canary|Any CPU
		{E6DBC509-F19F-48F5-BDB4-64DDDD85D9CB}.Canary|Any CPU.Build.0 = Canary|Any CPU
		{E6DBC509-F19F-48F5-BDB4-64DDDD85D9CB}.Debug|Any CPU.ActiveCfg = Debug|Any CPU
		{E6DBC509-F19F-48F5-BDB4-64DDDD85D9CB}.Debug|Any CPU.Build.0 = Debug|Any CPU
		{E6DBC509-F19F-48F5-BDB4-64DDDD85D9CB}.Nightly|Any CPU.ActiveCfg = Nightly|Any CPU
		{E6DBC509-F19F-48F5-BDB4-64DDDD85D9CB}.Nightly|Any CPU.Build.0 = Nightly|Any CPU
		{E6DBC509-F19F-48F5-BDB4-64DDDD85D9CB}.Release|Any CPU.ActiveCfg = Release|Any CPU
		{E6DBC509-F19F-48F5-BDB4-64DDDD85D9CB}.Release|Any CPU.Build.0 = Release|Any CPU
		{E6DBC509-F19F-48F5-BDB4-64DDDD85D9CB}.Stable|Any CPU.ActiveCfg = Stable|Any CPU
		{E6DBC509-F19F-48F5-BDB4-64DDDD85D9CB}.Stable|Any CPU.Build.0 = Stable|Any CPU
		{3A9D899A-ABAD-44B4-878F-0F20FE3986AB}.Canary|Any CPU.ActiveCfg = Canary|Any CPU
		{3A9D899A-ABAD-44B4-878F-0F20FE3986AB}.Canary|Any CPU.Build.0 = Canary|Any CPU
		{3A9D899A-ABAD-44B4-878F-0F20FE3986AB}.Debug|Any CPU.ActiveCfg = Debug|Any CPU
		{3A9D899A-ABAD-44B4-878F-0F20FE3986AB}.Debug|Any CPU.Build.0 = Debug|Any CPU
		{3A9D899A-ABAD-44B4-878F-0F20FE3986AB}.Nightly|Any CPU.ActiveCfg = Nightly|Any CPU
		{3A9D899A-ABAD-44B4-878F-0F20FE3986AB}.Nightly|Any CPU.Build.0 = Nightly|Any CPU
		{3A9D899A-ABAD-44B4-878F-0F20FE3986AB}.Release|Any CPU.ActiveCfg = Release|Any CPU
		{3A9D899A-ABAD-44B4-878F-0F20FE3986AB}.Release|Any CPU.Build.0 = Release|Any CPU
		{3A9D899A-ABAD-44B4-878F-0F20FE3986AB}.Stable|Any CPU.ActiveCfg = Stable|Any CPU
		{3A9D899A-ABAD-44B4-878F-0F20FE3986AB}.Stable|Any CPU.Build.0 = Stable|Any CPU
		{E99E5308-CB8C-48CE-ADFF-3006EEF5CB2D}.Canary|Any CPU.ActiveCfg = Canary|Any CPU
		{E99E5308-CB8C-48CE-ADFF-3006EEF5CB2D}.Canary|Any CPU.Build.0 = Canary|Any CPU
		{E99E5308-CB8C-48CE-ADFF-3006EEF5CB2D}.Debug|Any CPU.ActiveCfg = Debug|Any CPU
		{E99E5308-CB8C-48CE-ADFF-3006EEF5CB2D}.Debug|Any CPU.Build.0 = Debug|Any CPU
		{E99E5308-CB8C-48CE-ADFF-3006EEF5CB2D}.Nightly|Any CPU.ActiveCfg = Nightly|Any CPU
		{E99E5308-CB8C-48CE-ADFF-3006EEF5CB2D}.Nightly|Any CPU.Build.0 = Nightly|Any CPU
		{E99E5308-CB8C-48CE-ADFF-3006EEF5CB2D}.Release|Any CPU.ActiveCfg = Release|Any CPU
		{E99E5308-CB8C-48CE-ADFF-3006EEF5CB2D}.Release|Any CPU.Build.0 = Release|Any CPU
		{E99E5308-CB8C-48CE-ADFF-3006EEF5CB2D}.Stable|Any CPU.ActiveCfg = Stable|Any CPU
		{E99E5308-CB8C-48CE-ADFF-3006EEF5CB2D}.Stable|Any CPU.Build.0 = Stable|Any CPU
		{4963B723-D943-42FB-B3B9-331114162FDA}.Canary|Any CPU.ActiveCfg = Canary|Any CPU
		{4963B723-D943-42FB-B3B9-331114162FDA}.Canary|Any CPU.Build.0 = Canary|Any CPU
		{4963B723-D943-42FB-B3B9-331114162FDA}.Debug|Any CPU.ActiveCfg = Debug|Any CPU
		{4963B723-D943-42FB-B3B9-331114162FDA}.Debug|Any CPU.Build.0 = Debug|Any CPU
		{4963B723-D943-42FB-B3B9-331114162FDA}.Nightly|Any CPU.ActiveCfg = Nightly|Any CPU
		{4963B723-D943-42FB-B3B9-331114162FDA}.Nightly|Any CPU.Build.0 = Nightly|Any CPU
		{4963B723-D943-42FB-B3B9-331114162FDA}.Release|Any CPU.ActiveCfg = Release|Any CPU
		{4963B723-D943-42FB-B3B9-331114162FDA}.Release|Any CPU.Build.0 = Release|Any CPU
		{4963B723-D943-42FB-B3B9-331114162FDA}.Stable|Any CPU.ActiveCfg = Stable|Any CPU
		{4963B723-D943-42FB-B3B9-331114162FDA}.Stable|Any CPU.Build.0 = Stable|Any CPU
		{F975DDAF-15DC-44A6-8A46-2AC171F814C5}.Canary|Any CPU.ActiveCfg = Debug|Any CPU
		{F975DDAF-15DC-44A6-8A46-2AC171F814C5}.Canary|Any CPU.Build.0 = Debug|Any CPU
		{F975DDAF-15DC-44A6-8A46-2AC171F814C5}.Debug|Any CPU.ActiveCfg = Debug|Any CPU
		{F975DDAF-15DC-44A6-8A46-2AC171F814C5}.Debug|Any CPU.Build.0 = Debug|Any CPU
		{F975DDAF-15DC-44A6-8A46-2AC171F814C5}.Nightly|Any CPU.ActiveCfg = Nightly|Any CPU
		{F975DDAF-15DC-44A6-8A46-2AC171F814C5}.Nightly|Any CPU.Build.0 = Nightly|Any CPU
		{F975DDAF-15DC-44A6-8A46-2AC171F814C5}.Release|Any CPU.ActiveCfg = Release|Any CPU
		{F975DDAF-15DC-44A6-8A46-2AC171F814C5}.Release|Any CPU.Build.0 = Release|Any CPU
		{F975DDAF-15DC-44A6-8A46-2AC171F814C5}.Stable|Any CPU.ActiveCfg = Debug|Any CPU
		{F975DDAF-15DC-44A6-8A46-2AC171F814C5}.Stable|Any CPU.Build.0 = Debug|Any CPU
		{90737D99-C531-485B-B623-C9A11E9DE672}.Canary|Any CPU.ActiveCfg = Canary|Any CPU
		{90737D99-C531-485B-B623-C9A11E9DE672}.Canary|Any CPU.Build.0 = Canary|Any CPU
		{90737D99-C531-485B-B623-C9A11E9DE672}.Debug|Any CPU.ActiveCfg = Debug|Any CPU
		{90737D99-C531-485B-B623-C9A11E9DE672}.Debug|Any CPU.Build.0 = Debug|Any CPU
		{90737D99-C531-485B-B623-C9A11E9DE672}.Nightly|Any CPU.ActiveCfg = Nightly|Any CPU
		{90737D99-C531-485B-B623-C9A11E9DE672}.Nightly|Any CPU.Build.0 = Nightly|Any CPU
		{90737D99-C531-485B-B623-C9A11E9DE672}.Release|Any CPU.ActiveCfg = Release|Any CPU
		{90737D99-C531-485B-B623-C9A11E9DE672}.Release|Any CPU.Build.0 = Release|Any CPU
		{90737D99-C531-485B-B623-C9A11E9DE672}.Stable|Any CPU.ActiveCfg = Stable|Any CPU
		{90737D99-C531-485B-B623-C9A11E9DE672}.Stable|Any CPU.Build.0 = Stable|Any CPU
		{F55B8EA3-4C00-4DE9-9F68-1776DBF25FD9}.Canary|Any CPU.ActiveCfg = Canary|Any CPU
		{F55B8EA3-4C00-4DE9-9F68-1776DBF25FD9}.Canary|Any CPU.Build.0 = Canary|Any CPU
		{F55B8EA3-4C00-4DE9-9F68-1776DBF25FD9}.Debug|Any CPU.ActiveCfg = Debug|Any CPU
		{F55B8EA3-4C00-4DE9-9F68-1776DBF25FD9}.Debug|Any CPU.Build.0 = Debug|Any CPU
		{F55B8EA3-4C00-4DE9-9F68-1776DBF25FD9}.Nightly|Any CPU.ActiveCfg = Nightly|Any CPU
		{F55B8EA3-4C00-4DE9-9F68-1776DBF25FD9}.Nightly|Any CPU.Build.0 = Nightly|Any CPU
		{F55B8EA3-4C00-4DE9-9F68-1776DBF25FD9}.Release|Any CPU.ActiveCfg = Release|Any CPU
		{F55B8EA3-4C00-4DE9-9F68-1776DBF25FD9}.Release|Any CPU.Build.0 = Release|Any CPU
		{F55B8EA3-4C00-4DE9-9F68-1776DBF25FD9}.Stable|Any CPU.ActiveCfg = Stable|Any CPU
		{F55B8EA3-4C00-4DE9-9F68-1776DBF25FD9}.Stable|Any CPU.Build.0 = Stable|Any CPU
		{B669F619-BB65-467A-B4AA-4E34A191BD20}.Canary|Any CPU.ActiveCfg = Canary|Any CPU
		{B669F619-BB65-467A-B4AA-4E34A191BD20}.Canary|Any CPU.Build.0 = Canary|Any CPU
		{B669F619-BB65-467A-B4AA-4E34A191BD20}.Debug|Any CPU.ActiveCfg = Debug|Any CPU
		{B669F619-BB65-467A-B4AA-4E34A191BD20}.Debug|Any CPU.Build.0 = Debug|Any CPU
		{B669F619-BB65-467A-B4AA-4E34A191BD20}.Nightly|Any CPU.ActiveCfg = Nightly|Any CPU
		{B669F619-BB65-467A-B4AA-4E34A191BD20}.Nightly|Any CPU.Build.0 = Nightly|Any CPU
		{B669F619-BB65-467A-B4AA-4E34A191BD20}.Release|Any CPU.ActiveCfg = Release|Any CPU
		{B669F619-BB65-467A-B4AA-4E34A191BD20}.Release|Any CPU.Build.0 = Release|Any CPU
		{B669F619-BB65-467A-B4AA-4E34A191BD20}.Stable|Any CPU.ActiveCfg = Stable|Any CPU
		{B669F619-BB65-467A-B4AA-4E34A191BD20}.Stable|Any CPU.Build.0 = Stable|Any CPU
		{59E10D9B-1A68-4F14-9DE8-9EA9956B8CC0}.Canary|Any CPU.ActiveCfg = Canary|Any CPU
		{59E10D9B-1A68-4F14-9DE8-9EA9956B8CC0}.Canary|Any CPU.Build.0 = Canary|Any CPU
		{59E10D9B-1A68-4F14-9DE8-9EA9956B8CC0}.Debug|Any CPU.ActiveCfg = Debug|Any CPU
		{59E10D9B-1A68-4F14-9DE8-9EA9956B8CC0}.Debug|Any CPU.Build.0 = Debug|Any CPU
		{59E10D9B-1A68-4F14-9DE8-9EA9956B8CC0}.Nightly|Any CPU.ActiveCfg = Nightly|Any CPU
		{59E10D9B-1A68-4F14-9DE8-9EA9956B8CC0}.Nightly|Any CPU.Build.0 = Nightly|Any CPU
		{59E10D9B-1A68-4F14-9DE8-9EA9956B8CC0}.Release|Any CPU.ActiveCfg = Release|Any CPU
		{59E10D9B-1A68-4F14-9DE8-9EA9956B8CC0}.Release|Any CPU.Build.0 = Release|Any CPU
		{59E10D9B-1A68-4F14-9DE8-9EA9956B8CC0}.Stable|Any CPU.ActiveCfg = Stable|Any CPU
		{59E10D9B-1A68-4F14-9DE8-9EA9956B8CC0}.Stable|Any CPU.Build.0 = Stable|Any CPU
		{0773B0E0-9C08-44C1-8E22-1E44C8E2057B}.Canary|Any CPU.ActiveCfg = Canary|Any CPU
		{0773B0E0-9C08-44C1-8E22-1E44C8E2057B}.Canary|Any CPU.Build.0 = Canary|Any CPU
		{0773B0E0-9C08-44C1-8E22-1E44C8E2057B}.Debug|Any CPU.ActiveCfg = Debug|Any CPU
		{0773B0E0-9C08-44C1-8E22-1E44C8E2057B}.Debug|Any CPU.Build.0 = Debug|Any CPU
		{0773B0E0-9C08-44C1-8E22-1E44C8E2057B}.Nightly|Any CPU.ActiveCfg = Nightly|Any CPU
		{0773B0E0-9C08-44C1-8E22-1E44C8E2057B}.Nightly|Any CPU.Build.0 = Nightly|Any CPU
		{0773B0E0-9C08-44C1-8E22-1E44C8E2057B}.Release|Any CPU.ActiveCfg = Release|Any CPU
		{0773B0E0-9C08-44C1-8E22-1E44C8E2057B}.Release|Any CPU.Build.0 = Release|Any CPU
		{0773B0E0-9C08-44C1-8E22-1E44C8E2057B}.Stable|Any CPU.ActiveCfg = Stable|Any CPU
		{0773B0E0-9C08-44C1-8E22-1E44C8E2057B}.Stable|Any CPU.Build.0 = Stable|Any CPU
		{7437608E-12AB-4CB8-BC86-669F25E8D1DF}.Canary|Any CPU.ActiveCfg = Canary|Any CPU
		{7437608E-12AB-4CB8-BC86-669F25E8D1DF}.Canary|Any CPU.Build.0 = Canary|Any CPU
		{7437608E-12AB-4CB8-BC86-669F25E8D1DF}.Debug|Any CPU.ActiveCfg = Debug|Any CPU
		{7437608E-12AB-4CB8-BC86-669F25E8D1DF}.Debug|Any CPU.Build.0 = Debug|Any CPU
		{7437608E-12AB-4CB8-BC86-669F25E8D1DF}.Nightly|Any CPU.ActiveCfg = Nightly|Any CPU
		{7437608E-12AB-4CB8-BC86-669F25E8D1DF}.Nightly|Any CPU.Build.0 = Nightly|Any CPU
		{7437608E-12AB-4CB8-BC86-669F25E8D1DF}.Release|Any CPU.ActiveCfg = Release|Any CPU
		{7437608E-12AB-4CB8-BC86-669F25E8D1DF}.Release|Any CPU.Build.0 = Release|Any CPU
		{7437608E-12AB-4CB8-BC86-669F25E8D1DF}.Stable|Any CPU.ActiveCfg = Stable|Any CPU
		{7437608E-12AB-4CB8-BC86-669F25E8D1DF}.Stable|Any CPU.Build.0 = Stable|Any CPU
		{05C372C9-6E4E-45F4-8146-8B721612136A}.Canary|Any CPU.ActiveCfg = Canary|Any CPU
		{05C372C9-6E4E-45F4-8146-8B721612136A}.Canary|Any CPU.Build.0 = Canary|Any CPU
		{05C372C9-6E4E-45F4-8146-8B721612136A}.Debug|Any CPU.ActiveCfg = Debug|Any CPU
		{05C372C9-6E4E-45F4-8146-8B721612136A}.Debug|Any CPU.Build.0 = Debug|Any CPU
		{05C372C9-6E4E-45F4-8146-8B721612136A}.Nightly|Any CPU.ActiveCfg = Nightly|Any CPU
		{05C372C9-6E4E-45F4-8146-8B721612136A}.Nightly|Any CPU.Build.0 = Nightly|Any CPU
		{05C372C9-6E4E-45F4-8146-8B721612136A}.Release|Any CPU.ActiveCfg = Release|Any CPU
		{05C372C9-6E4E-45F4-8146-8B721612136A}.Release|Any CPU.Build.0 = Release|Any CPU
		{05C372C9-6E4E-45F4-8146-8B721612136A}.Stable|Any CPU.ActiveCfg = Stable|Any CPU
		{05C372C9-6E4E-45F4-8146-8B721612136A}.Stable|Any CPU.Build.0 = Stable|Any CPU
		{0F64AC36-F622-4B21-BE34-E34333BE0EFF}.Canary|Any CPU.ActiveCfg = Canary|Any CPU
		{0F64AC36-F622-4B21-BE34-E34333BE0EFF}.Canary|Any CPU.Build.0 = Canary|Any CPU
		{0F64AC36-F622-4B21-BE34-E34333BE0EFF}.Debug|Any CPU.ActiveCfg = Debug|Any CPU
		{0F64AC36-F622-4B21-BE34-E34333BE0EFF}.Debug|Any CPU.Build.0 = Debug|Any CPU
		{0F64AC36-F622-4B21-BE34-E34333BE0EFF}.Nightly|Any CPU.ActiveCfg = Nightly|Any CPU
		{0F64AC36-F622-4B21-BE34-E34333BE0EFF}.Nightly|Any CPU.Build.0 = Nightly|Any CPU
		{0F64AC36-F622-4B21-BE34-E34333BE0EFF}.Release|Any CPU.ActiveCfg = Release|Any CPU
		{0F64AC36-F622-4B21-BE34-E34333BE0EFF}.Release|Any CPU.Build.0 = Release|Any CPU
		{0F64AC36-F622-4B21-BE34-E34333BE0EFF}.Stable|Any CPU.ActiveCfg = Stable|Any CPU
		{0F64AC36-F622-4B21-BE34-E34333BE0EFF}.Stable|Any CPU.Build.0 = Stable|Any CPU
		{34003614-D20E-4745-ADB4-A54DC8882994}.Canary|Any CPU.ActiveCfg = Canary|Any CPU
		{34003614-D20E-4745-ADB4-A54DC8882994}.Canary|Any CPU.Build.0 = Canary|Any CPU
		{34003614-D20E-4745-ADB4-A54DC8882994}.Debug|Any CPU.ActiveCfg = Debug|Any CPU
		{34003614-D20E-4745-ADB4-A54DC8882994}.Debug|Any CPU.Build.0 = Debug|Any CPU
		{34003614-D20E-4745-ADB4-A54DC8882994}.Nightly|Any CPU.ActiveCfg = Nightly|Any CPU
		{34003614-D20E-4745-ADB4-A54DC8882994}.Nightly|Any CPU.Build.0 = Nightly|Any CPU
		{34003614-D20E-4745-ADB4-A54DC8882994}.Release|Any CPU.ActiveCfg = Release|Any CPU
		{34003614-D20E-4745-ADB4-A54DC8882994}.Release|Any CPU.Build.0 = Release|Any CPU
		{34003614-D20E-4745-ADB4-A54DC8882994}.Stable|Any CPU.ActiveCfg = Stable|Any CPU
		{34003614-D20E-4745-ADB4-A54DC8882994}.Stable|Any CPU.Build.0 = Stable|Any CPU
		{2BFE13A0-01CB-4D18-805A-6ED25FE02A9E}.Canary|Any CPU.ActiveCfg = Canary|Any CPU
		{2BFE13A0-01CB-4D18-805A-6ED25FE02A9E}.Canary|Any CPU.Build.0 = Canary|Any CPU
		{2BFE13A0-01CB-4D18-805A-6ED25FE02A9E}.Debug|Any CPU.ActiveCfg = Debug|Any CPU
		{2BFE13A0-01CB-4D18-805A-6ED25FE02A9E}.Debug|Any CPU.Build.0 = Debug|Any CPU
		{2BFE13A0-01CB-4D18-805A-6ED25FE02A9E}.Nightly|Any CPU.ActiveCfg = Nightly|Any CPU
		{2BFE13A0-01CB-4D18-805A-6ED25FE02A9E}.Nightly|Any CPU.Build.0 = Nightly|Any CPU
		{2BFE13A0-01CB-4D18-805A-6ED25FE02A9E}.Release|Any CPU.ActiveCfg = Release|Any CPU
		{2BFE13A0-01CB-4D18-805A-6ED25FE02A9E}.Release|Any CPU.Build.0 = Release|Any CPU
		{2BFE13A0-01CB-4D18-805A-6ED25FE02A9E}.Stable|Any CPU.ActiveCfg = Stable|Any CPU
		{2BFE13A0-01CB-4D18-805A-6ED25FE02A9E}.Stable|Any CPU.Build.0 = Stable|Any CPU
		{24158137-7703-469C-9F65-0FFE1ED83BE2}.Canary|Any CPU.ActiveCfg = Canary|Any CPU
		{24158137-7703-469C-9F65-0FFE1ED83BE2}.Canary|Any CPU.Build.0 = Canary|Any CPU
		{24158137-7703-469C-9F65-0FFE1ED83BE2}.Debug|Any CPU.ActiveCfg = Debug|Any CPU
		{24158137-7703-469C-9F65-0FFE1ED83BE2}.Debug|Any CPU.Build.0 = Debug|Any CPU
		{24158137-7703-469C-9F65-0FFE1ED83BE2}.Nightly|Any CPU.ActiveCfg = Nightly|Any CPU
		{24158137-7703-469C-9F65-0FFE1ED83BE2}.Nightly|Any CPU.Build.0 = Nightly|Any CPU
		{24158137-7703-469C-9F65-0FFE1ED83BE2}.Release|Any CPU.ActiveCfg = Release|Any CPU
		{24158137-7703-469C-9F65-0FFE1ED83BE2}.Release|Any CPU.Build.0 = Release|Any CPU
		{24158137-7703-469C-9F65-0FFE1ED83BE2}.Stable|Any CPU.ActiveCfg = Stable|Any CPU
		{24158137-7703-469C-9F65-0FFE1ED83BE2}.Stable|Any CPU.Build.0 = Stable|Any CPU
		{5E83BDDA-D9DF-4BB5-B2BF-89811A8C0FC0}.Canary|Any CPU.ActiveCfg = Canary|Any CPU
		{5E83BDDA-D9DF-4BB5-B2BF-89811A8C0FC0}.Canary|Any CPU.Build.0 = Canary|Any CPU
		{5E83BDDA-D9DF-4BB5-B2BF-89811A8C0FC0}.Debug|Any CPU.ActiveCfg = Debug|Any CPU
		{5E83BDDA-D9DF-4BB5-B2BF-89811A8C0FC0}.Debug|Any CPU.Build.0 = Debug|Any CPU
		{5E83BDDA-D9DF-4BB5-B2BF-89811A8C0FC0}.Nightly|Any CPU.ActiveCfg = Nightly|Any CPU
		{5E83BDDA-D9DF-4BB5-B2BF-89811A8C0FC0}.Nightly|Any CPU.Build.0 = Nightly|Any CPU
		{5E83BDDA-D9DF-4BB5-B2BF-89811A8C0FC0}.Release|Any CPU.ActiveCfg = Release|Any CPU
		{5E83BDDA-D9DF-4BB5-B2BF-89811A8C0FC0}.Release|Any CPU.Build.0 = Release|Any CPU
		{5E83BDDA-D9DF-4BB5-B2BF-89811A8C0FC0}.Stable|Any CPU.ActiveCfg = Stable|Any CPU
		{5E83BDDA-D9DF-4BB5-B2BF-89811A8C0FC0}.Stable|Any CPU.Build.0 = Stable|Any CPU
		{A17A61D3-81A3-4067-8041-4D0098B97577}.Canary|Any CPU.ActiveCfg = Canary|Any CPU
		{A17A61D3-81A3-4067-8041-4D0098B97577}.Canary|Any CPU.Build.0 = Canary|Any CPU
		{A17A61D3-81A3-4067-8041-4D0098B97577}.Debug|Any CPU.ActiveCfg = Debug|Any CPU
		{A17A61D3-81A3-4067-8041-4D0098B97577}.Debug|Any CPU.Build.0 = Debug|Any CPU
		{A17A61D3-81A3-4067-8041-4D0098B97577}.Nightly|Any CPU.ActiveCfg = Nightly|Any CPU
		{A17A61D3-81A3-4067-8041-4D0098B97577}.Nightly|Any CPU.Build.0 = Nightly|Any CPU
		{A17A61D3-81A3-4067-8041-4D0098B97577}.Release|Any CPU.ActiveCfg = Release|Any CPU
		{A17A61D3-81A3-4067-8041-4D0098B97577}.Release|Any CPU.Build.0 = Release|Any CPU
		{A17A61D3-81A3-4067-8041-4D0098B97577}.Stable|Any CPU.ActiveCfg = Stable|Any CPU
		{A17A61D3-81A3-4067-8041-4D0098B97577}.Stable|Any CPU.Build.0 = Stable|Any CPU
		{79561B1E-1989-42CA-B1D6-2DCD1C1C9235}.Canary|Any CPU.ActiveCfg = Canary|Any CPU
		{79561B1E-1989-42CA-B1D6-2DCD1C1C9235}.Canary|Any CPU.Build.0 = Canary|Any CPU
		{79561B1E-1989-42CA-B1D6-2DCD1C1C9235}.Debug|Any CPU.ActiveCfg = Debug|Any CPU
		{79561B1E-1989-42CA-B1D6-2DCD1C1C9235}.Debug|Any CPU.Build.0 = Debug|Any CPU
		{79561B1E-1989-42CA-B1D6-2DCD1C1C9235}.Nightly|Any CPU.ActiveCfg = Nightly|Any CPU
		{79561B1E-1989-42CA-B1D6-2DCD1C1C9235}.Nightly|Any CPU.Build.0 = Nightly|Any CPU
		{79561B1E-1989-42CA-B1D6-2DCD1C1C9235}.Release|Any CPU.ActiveCfg = Release|Any CPU
		{79561B1E-1989-42CA-B1D6-2DCD1C1C9235}.Release|Any CPU.Build.0 = Release|Any CPU
		{79561B1E-1989-42CA-B1D6-2DCD1C1C9235}.Stable|Any CPU.ActiveCfg = Stable|Any CPU
		{79561B1E-1989-42CA-B1D6-2DCD1C1C9235}.Stable|Any CPU.Build.0 = Stable|Any CPU
	EndGlobalSection
	GlobalSection(SolutionProperties) = preSolution
		HideSolutionNode = FALSE
	EndGlobalSection
	GlobalSection(NestedProjects) = preSolution
		{ADD5DD9C-39C8-4638-82B4-C05FD0AE81C8} = {81151975-C9E8-4417-8313-45C0A3AC0EFB}
		{EA6DFF1E-4359-4A8D-BF30-EC8BBA089CDE} = {81151975-C9E8-4417-8313-45C0A3AC0EFB}
		{FC9FE102-2BA7-4261-A89B-23ACE281062D} = {81151975-C9E8-4417-8313-45C0A3AC0EFB}
		{9D234F54-5B20-4BE6-8D73-254D2A33583C} = {81151975-C9E8-4417-8313-45C0A3AC0EFB}
		{C749C5D5-01EE-49A5-8EA4-D02DC877D6A3} = {81151975-C9E8-4417-8313-45C0A3AC0EFB}
		{B73F22BF-7E80-4526-9D9F-66EE73BED25E} = {81151975-C9E8-4417-8313-45C0A3AC0EFB}
		{F7C1FB43-3DD4-4B38-9A93-6E3FE581A93A} = {81151975-C9E8-4417-8313-45C0A3AC0EFB}
		{65DF5880-FEEC-4E35-9824-0B1A19C6CB2A} = {81151975-C9E8-4417-8313-45C0A3AC0EFB}
		{5746F5BC-337F-4911-A397-44D1E25E317F} = {81151975-C9E8-4417-8313-45C0A3AC0EFB}
		{E6DBC509-F19F-48F5-BDB4-64DDDD85D9CB} = {81151975-C9E8-4417-8313-45C0A3AC0EFB}
		{3A9D899A-ABAD-44B4-878F-0F20FE3986AB} = {81151975-C9E8-4417-8313-45C0A3AC0EFB}
		{E99E5308-CB8C-48CE-ADFF-3006EEF5CB2D} = {81151975-C9E8-4417-8313-45C0A3AC0EFB}
		{4963B723-D943-42FB-B3B9-331114162FDA} = {81151975-C9E8-4417-8313-45C0A3AC0EFB}
		{F975DDAF-15DC-44A6-8A46-2AC171F814C5} = {81151975-C9E8-4417-8313-45C0A3AC0EFB}
		{90737D99-C531-485B-B623-C9A11E9DE672} = {81151975-C9E8-4417-8313-45C0A3AC0EFB}
		{F55B8EA3-4C00-4DE9-9F68-1776DBF25FD9} = {81151975-C9E8-4417-8313-45C0A3AC0EFB}
		{B669F619-BB65-467A-B4AA-4E34A191BD20} = {81151975-C9E8-4417-8313-45C0A3AC0EFB}
		{59E10D9B-1A68-4F14-9DE8-9EA9956B8CC0} = {81151975-C9E8-4417-8313-45C0A3AC0EFB}
		{0773B0E0-9C08-44C1-8E22-1E44C8E2057B} = {81151975-C9E8-4417-8313-45C0A3AC0EFB}
		{7437608E-12AB-4CB8-BC86-669F25E8D1DF} = {81151975-C9E8-4417-8313-45C0A3AC0EFB}
		{05C372C9-6E4E-45F4-8146-8B721612136A} = {81151975-C9E8-4417-8313-45C0A3AC0EFB}
		{0F64AC36-F622-4B21-BE34-E34333BE0EFF} = {81151975-C9E8-4417-8313-45C0A3AC0EFB}
		{34003614-D20E-4745-ADB4-A54DC8882994} = {81151975-C9E8-4417-8313-45C0A3AC0EFB}
		{2BFE13A0-01CB-4D18-805A-6ED25FE02A9E} = {81151975-C9E8-4417-8313-45C0A3AC0EFB}
		{24158137-7703-469C-9F65-0FFE1ED83BE2} = {81151975-C9E8-4417-8313-45C0A3AC0EFB}
		{5E83BDDA-D9DF-4BB5-B2BF-89811A8C0FC0} = {81151975-C9E8-4417-8313-45C0A3AC0EFB}
		{A17A61D3-81A3-4067-8041-4D0098B97577} = {81151975-C9E8-4417-8313-45C0A3AC0EFB}
		{79561B1E-1989-42CA-B1D6-2DCD1C1C9235} = {81151975-C9E8-4417-8313-45C0A3AC0EFB}
	EndGlobalSection
	GlobalSection(ExtensibilityGlobals) = postSolution
		SolutionGuid = {E2E4190F-A25B-4710-9AFC-936FA745FDF5}
	EndGlobalSection
EndGlobal
