
Microsoft Visual Studio Solution File, Format Version 12.00
# Visual Studio Version 17
VisualStudioVersion = 17.1.31911.260
MinimumVisualStudioVersion = 10.0.40219.1
Project("{2150E333-8FDC-42A3-9474-1A3956D46DE8}") = "Examples", "Examples", "{9683B488-AD59-48CE-8ED1-890EFC97A620}"
EndProject
Project("{2150E333-8FDC-42A3-9474-1A3956D46DE8}") = "Toolkit", "Toolkit", "{2A8C324D-D321-4FB4-9D4B-A01C71B9A0B8}"
EndProject
Project("{2150E333-8FDC-42A3-9474-1A3956D46DE8}") = "Repository Items", "Repository Items", "{9DCCB4C2-BEB8-4BF3-B7AE-14BE6DF0C625}"
EndProject
Project("{2150E333-8FDC-42A3-9474-1A3956D46DE8}") = "Configuration", "Configuration", "{A793B59F-63D0-4E00-9D1D-03A8F05F2D2E}"
	ProjectSection(SolutionItems) = preProject
		..\.editorconfig = ..\.editorconfig
	EndProjectSection
EndProject
Project("{9A19103F-16F7-4668-BE54-9A1E7A4F7556}") = "Krypton.Toolkit.Suite.Extended.Messagebox 2022", "..\..\Extended-Toolkit\Source\Krypton Toolkit\Krypton.Toolkit.Suite.Extended.Messagebox\Krypton.Toolkit.Suite.Extended.Messagebox 2022.csproj", "{178357D4-52E4-4A26-9992-2A110A483576}"
EndProject
Project("{9A19103F-16F7-4668-BE54-9A1E7A4F7556}") = "MessageBox", "Examples\MessageBox\MessageBox.csproj", "{4575A73C-7DF6-4ECA-9EF9-CBA69A3A705B}"
EndProject
Project("{9A19103F-16F7-4668-BE54-9A1E7A4F7556}") = "Krypton.Toolkit 2022", "..\..\Standard-Toolkit\Source\Krypton Components\Krypton.Toolkit\Krypton.Toolkit 2022.csproj", "{ABFCAB1E-9E8E-44CA-B3F4-6422744A44AC}"
EndProject
Global
	GlobalSection(SolutionConfigurationPlatforms) = preSolution
		Canary|Any CPU = Canary|Any CPU
		Debug|Any CPU = Debug|Any CPU
		Installer|Any CPU = Installer|Any CPU
		Nightly|Any CPU = Nightly|Any CPU
		Preview|Any CPU = Preview|Any CPU
		Release|Any CPU = Release|Any CPU
		Signed|Any CPU = Signed|Any CPU
		Stable|Any CPU = Stable|Any CPU
	EndGlobalSection
	GlobalSection(ProjectConfigurationPlatforms) = postSolution
		{178357D4-52E4-4A26-9992-2A110A483576}.Canary|Any CPU.ActiveCfg = Canary|Any CPU
		{178357D4-52E4-4A26-9992-2A110A483576}.Canary|Any CPU.Build.0 = Canary|Any CPU
		{178357D4-52E4-4A26-9992-2A110A483576}.Debug|Any CPU.ActiveCfg = Debug|Any CPU
		{178357D4-52E4-4A26-9992-2A110A483576}.Debug|Any CPU.Build.0 = Debug|Any CPU
		{178357D4-52E4-4A26-9992-2A110A483576}.Installer|Any CPU.ActiveCfg = Debug|Any CPU
		{178357D4-52E4-4A26-9992-2A110A483576}.Installer|Any CPU.Build.0 = Debug|Any CPU
		{178357D4-52E4-4A26-9992-2A110A483576}.Nightly|Any CPU.ActiveCfg = Nightly|Any CPU
		{178357D4-52E4-4A26-9992-2A110A483576}.Nightly|Any CPU.Build.0 = Nightly|Any CPU
		{178357D4-52E4-4A26-9992-2A110A483576}.Preview|Any CPU.ActiveCfg = Debug|Any CPU
		{178357D4-52E4-4A26-9992-2A110A483576}.Preview|Any CPU.Build.0 = Debug|Any CPU
		{178357D4-52E4-4A26-9992-2A110A483576}.Release|Any CPU.ActiveCfg = Release|Any CPU
		{178357D4-52E4-4A26-9992-2A110A483576}.Release|Any CPU.Build.0 = Release|Any CPU
		{178357D4-52E4-4A26-9992-2A110A483576}.Signed|Any CPU.ActiveCfg = Signed|Any CPU
		{178357D4-52E4-4A26-9992-2A110A483576}.Signed|Any CPU.Build.0 = Signed|Any CPU
		{178357D4-52E4-4A26-9992-2A110A483576}.Stable|Any CPU.ActiveCfg = Stable|Any CPU
		{178357D4-52E4-4A26-9992-2A110A483576}.Stable|Any CPU.Build.0 = Stable|Any CPU
		{4575A73C-7DF6-4ECA-9EF9-CBA69A3A705B}.Canary|Any CPU.ActiveCfg = Canary|Any CPU
		{4575A73C-7DF6-4ECA-9EF9-CBA69A3A705B}.Canary|Any CPU.Build.0 = Canary|Any CPU
		{4575A73C-7DF6-4ECA-9EF9-CBA69A3A705B}.Debug|Any CPU.ActiveCfg = Debug|Any CPU
		{4575A73C-7DF6-4ECA-9EF9-CBA69A3A705B}.Debug|Any CPU.Build.0 = Debug|Any CPU
		{4575A73C-7DF6-4ECA-9EF9-CBA69A3A705B}.Installer|Any CPU.ActiveCfg = Debug|Any CPU
		{4575A73C-7DF6-4ECA-9EF9-CBA69A3A705B}.Installer|Any CPU.Build.0 = Debug|Any CPU
		{4575A73C-7DF6-4ECA-9EF9-CBA69A3A705B}.Nightly|Any CPU.ActiveCfg = Nightly|Any CPU
		{4575A73C-7DF6-4ECA-9EF9-CBA69A3A705B}.Nightly|Any CPU.Build.0 = Nightly|Any CPU
		{4575A73C-7DF6-4ECA-9EF9-CBA69A3A705B}.Preview|Any CPU.ActiveCfg = Debug|Any CPU
		{4575A73C-7DF6-4ECA-9EF9-CBA69A3A705B}.Preview|Any CPU.Build.0 = Debug|Any CPU
		{4575A73C-7DF6-4ECA-9EF9-CBA69A3A705B}.Release|Any CPU.ActiveCfg = Release|Any CPU
		{4575A73C-7DF6-4ECA-9EF9-CBA69A3A705B}.Release|Any CPU.Build.0 = Release|Any CPU
		{4575A73C-7DF6-4ECA-9EF9-CBA69A3A705B}.Signed|Any CPU.ActiveCfg = Stable|Any CPU
		{4575A73C-7DF6-4ECA-9EF9-CBA69A3A705B}.Signed|Any CPU.Build.0 = Stable|Any CPU
		{4575A73C-7DF6-4ECA-9EF9-CBA69A3A705B}.Stable|Any CPU.ActiveCfg = Stable|Any CPU
		{4575A73C-7DF6-4ECA-9EF9-CBA69A3A705B}.Stable|Any CPU.Build.0 = Stable|Any CPU
		{ABFCAB1E-9E8E-44CA-B3F4-6422744A44AC}.Canary|Any CPU.ActiveCfg = Canary|Any CPU
		{ABFCAB1E-9E8E-44CA-B3F4-6422744A44AC}.Canary|Any CPU.Build.0 = Canary|Any CPU
		{ABFCAB1E-9E8E-44CA-B3F4-6422744A44AC}.Debug|Any CPU.ActiveCfg = Debug|Any CPU
		{ABFCAB1E-9E8E-44CA-B3F4-6422744A44AC}.Debug|Any CPU.Build.0 = Debug|Any CPU
		{ABFCAB1E-9E8E-44CA-B3F4-6422744A44AC}.Installer|Any CPU.ActiveCfg = Installer|Any CPU
		{ABFCAB1E-9E8E-44CA-B3F4-6422744A44AC}.Installer|Any CPU.Build.0 = Installer|Any CPU
		{ABFCAB1E-9E8E-44CA-B3F4-6422744A44AC}.Nightly|Any CPU.ActiveCfg = Nightly|Any CPU
		{ABFCAB1E-9E8E-44CA-B3F4-6422744A44AC}.Nightly|Any CPU.Build.0 = Nightly|Any CPU
		{ABFCAB1E-9E8E-44CA-B3F4-6422744A44AC}.Preview|Any CPU.ActiveCfg = Preview|Any CPU
		{ABFCAB1E-9E8E-44CA-B3F4-6422744A44AC}.Preview|Any CPU.Build.0 = Preview|Any CPU
		{ABFCAB1E-9E8E-44CA-B3F4-6422744A44AC}.Release|Any CPU.ActiveCfg = Release|Any CPU
		{ABFCAB1E-9E8E-44CA-B3F4-6422744A44AC}.Release|Any CPU.Build.0 = Release|Any CPU
		{ABFCAB1E-9E8E-44CA-B3F4-6422744A44AC}.Signed|Any CPU.ActiveCfg = Signed|Any CPU
		{ABFCAB1E-9E8E-44CA-B3F4-6422744A44AC}.Signed|Any CPU.Build.0 = Signed|Any CPU
		{ABFCAB1E-9E8E-44CA-B3F4-6422744A44AC}.Stable|Any CPU.ActiveCfg = Signed|Any CPU
		{ABFCAB1E-9E8E-44CA-B3F4-6422744A44AC}.Stable|Any CPU.Build.0 = Signed|Any CPU
	EndGlobalSection
	GlobalSection(SolutionProperties) = preSolution
		HideSolutionNode = FALSE
	EndGlobalSection
	GlobalSection(NestedProjects) = preSolution
		{A793B59F-63D0-4E00-9D1D-03A8F05F2D2E} = {9DCCB4C2-BEB8-4BF3-B7AE-14BE6DF0C625}
		{178357D4-52E4-4A26-9992-2A110A483576} = {2A8C324D-D321-4FB4-9D4B-A01C71B9A0B8}
		{4575A73C-7DF6-4ECA-9EF9-CBA69A3A705B} = {9683B488-AD59-48CE-8ED1-890EFC97A620}
		{ABFCAB1E-9E8E-44CA-B3F4-6422744A44AC} = {2A8C324D-D321-4FB4-9D4B-A01C71B9A0B8}
	EndGlobalSection
	GlobalSection(ExtensibilityGlobals) = postSolution
		SolutionGuid = {AAE0C18D-9273-41E7-9446-7E5F9FA2074A}
	EndGlobalSection
EndGlobal
