
Microsoft Visual Studio Solution File, Format Version 12.00
# Visual Studio Version 17
VisualStudioVersion = 17.0.31410.414
MinimumVisualStudioVersion = 10.0.40219.1
Project("{9A19103F-16F7-4668-BE54-9A1E7A4F7556}") = "Buttons", "Buttons\Buttons.csproj", "{4EE402B5-CD0B-4541-B802-3E987DB6327A}"
EndProject
Project("{9A19103F-16F7-4668-BE54-9A1E7A4F7556}") = "Calendar", "Calendar\Calendar.csproj", "{1A44FAD1-DA55-45CD-939B-737744B06EBD}"
EndProject
Project("{9A19103F-16F7-4668-BE54-9A1E7A4F7556}") = "CircularProgressBar", "CircularProgressBar\CircularProgressBar.csproj", "{213EFF0B-FB4A-4C60-AD31-239D299C79CD}"
EndProject
Project("{9A19103F-16F7-4668-BE54-9A1E7A4F7556}") = "ComboBox", "ComboBox\ComboBox.csproj", "{B64AAB91-2F86-41EA-A277-61924730BCF7}"
EndProject
Project("{9A19103F-16F7-4668-BE54-9A1E7A4F7556}") = "ComboBoxExtApp", "ComboBoxExtApp\ComboBoxExtApp.csproj", "{CD3E78C9-4C8A-4180-9445-B6B02CD4E2FD}"
EndProject
Project("{9A19103F-16F7-4668-BE54-9A1E7A4F7556}") = "Controls", "Controls\Controls.csproj", "{39C78FF4-7A76-4979-90B4-32F7B1C1E4B3}"
EndProject
Project("{9A19103F-16F7-4668-BE54-9A1E7A4F7556}") = "DataGridViewExt", "DataGridView\DataGridViewExt.csproj", "{40204FD5-479C-43C1-8BCE-866EEE38DAB0}"
EndProject
Project("{9A19103F-16F7-4668-BE54-9A1E7A4F7556}") = "Dialogs", "Dialogs\Dialogs.csproj", "{465D56C6-97FB-4DF7-AB9C-DAEE6B4999D7}"
EndProject
Project("{9A19103F-16F7-4668-BE54-9A1E7A4F7556}") = "Effects", "Effects\Effects.csproj", "{4D660715-53D4-4A81-BFB9-12B96D306578}"
EndProject
Project("{9A19103F-16F7-4668-BE54-9A1E7A4F7556}") = "FloatingToolbars", "FloatingToolbars\FloatingToolbars.csproj", "{7122D4FB-F2C6-4227-80F1-883B30D13B8C}"
EndProject
Project("{9A19103F-16F7-4668-BE54-9A1E7A4F7556}") = "MessageBox", "MessageBox\MessageBox.csproj", "{9BA4BE60-D015-4EA4-BD67-E6ECA0648118}"
EndProject
Project("{9A19103F-16F7-4668-BE54-9A1E7A4F7556}") = "Navigator", "Navigator\Navigator.csproj", "{D3759EC1-ACAF-48FB-BC6C-41EEC5A39ABD}"
EndProject
Project("{9A19103F-16F7-4668-BE54-9A1E7A4F7556}") = "Notifications", "Notifications\Notifications.csproj", "{8AFD82A8-0152-49D5-ADAB-5990CEA64280}"
EndProject
Project("{9A19103F-16F7-4668-BE54-9A1E7A4F7556}") = "PropertyGrid", "PropertyGrid\PropertyGrid.csproj", "{69D87948-804F-43C7-BA8F-C59CD386A3A7}"
EndProject
Project("{9A19103F-16F7-4668-BE54-9A1E7A4F7556}") = "Scrollbars", "Scrollbars\Scrollbars.csproj", "{95FBCB54-96EF-4402-9A8D-0814215052A6}"
EndProject
Project("{9A19103F-16F7-4668-BE54-9A1E7A4F7556}") = "ThemeSwitcher", "ThemeSwitcher\ThemeSwitcher.csproj", "{DC5F7239-B0B9-4746-B6CF-EDC9DB983B68}"
EndProject
Project("{9A19103F-16F7-4668-BE54-9A1E7A4F7556}") = "Wizard", "Wizard\Wizard.csproj", "{4EEEC64C-82C3-4C27-997A-9C68BC1FF152}"
EndProject
Global
	GlobalSection(SolutionConfigurationPlatforms) = preSolution
		Debug|Any CPU = Debug|Any CPU
		Release|Any CPU = Release|Any CPU
	EndGlobalSection
	GlobalSection(ProjectConfigurationPlatforms) = postSolution
		{4EE402B5-CD0B-4541-B802-3E987DB6327A}.Debug|Any CPU.ActiveCfg = Debug|Any CPU
		{4EE402B5-CD0B-4541-B802-3E987DB6327A}.Debug|Any CPU.Build.0 = Debug|Any CPU
		{4EE402B5-CD0B-4541-B802-3E987DB6327A}.Release|Any CPU.ActiveCfg = Release|Any CPU
		{4EE402B5-CD0B-4541-B802-3E987DB6327A}.Release|Any CPU.Build.0 = Release|Any CPU
		{1A44FAD1-DA55-45CD-939B-737744B06EBD}.Debug|Any CPU.ActiveCfg = Debug|Any CPU
		{1A44FAD1-DA55-45CD-939B-737744B06EBD}.Debug|Any CPU.Build.0 = Debug|Any CPU
		{1A44FAD1-DA55-45CD-939B-737744B06EBD}.Release|Any CPU.ActiveCfg = Release|Any CPU
		{1A44FAD1-DA55-45CD-939B-737744B06EBD}.Release|Any CPU.Build.0 = Release|Any CPU
		{213EFF0B-FB4A-4C60-AD31-239D299C79CD}.Debug|Any CPU.ActiveCfg = Debug|Any CPU
		{213EFF0B-FB4A-4C60-AD31-239D299C79CD}.Debug|Any CPU.Build.0 = Debug|Any CPU
		{213EFF0B-FB4A-4C60-AD31-239D299C79CD}.Release|Any CPU.ActiveCfg = Release|Any CPU
		{213EFF0B-FB4A-4C60-AD31-239D299C79CD}.Release|Any CPU.Build.0 = Release|Any CPU
		{B64AAB91-2F86-41EA-A277-61924730BCF7}.Debug|Any CPU.ActiveCfg = Debug|Any CPU
		{B64AAB91-2F86-41EA-A277-61924730BCF7}.Debug|Any CPU.Build.0 = Debug|Any CPU
		{B64AAB91-2F86-41EA-A277-61924730BCF7}.Release|Any CPU.ActiveCfg = Release|Any CPU
		{B64AAB91-2F86-41EA-A277-61924730BCF7}.Release|Any CPU.Build.0 = Release|Any CPU
		{CD3E78C9-4C8A-4180-9445-B6B02CD4E2FD}.Debug|Any CPU.ActiveCfg = Debug|Any CPU
		{CD3E78C9-4C8A-4180-9445-B6B02CD4E2FD}.Debug|Any CPU.Build.0 = Debug|Any CPU
		{CD3E78C9-4C8A-4180-9445-B6B02CD4E2FD}.Release|Any CPU.ActiveCfg = Release|Any CPU
		{CD3E78C9-4C8A-4180-9445-B6B02CD4E2FD}.Release|Any CPU.Build.0 = Release|Any CPU
		{39C78FF4-7A76-4979-90B4-32F7B1C1E4B3}.Debug|Any CPU.ActiveCfg = Debug|Any CPU
		{39C78FF4-7A76-4979-90B4-32F7B1C1E4B3}.Debug|Any CPU.Build.0 = Debug|Any CPU
		{39C78FF4-7A76-4979-90B4-32F7B1C1E4B3}.Release|Any CPU.ActiveCfg = Release|Any CPU
		{39C78FF4-7A76-4979-90B4-32F7B1C1E4B3}.Release|Any CPU.Build.0 = Release|Any CPU
		{40204FD5-479C-43C1-8BCE-866EEE38DAB0}.Debug|Any CPU.ActiveCfg = Debug|Any CPU
		{40204FD5-479C-43C1-8BCE-866EEE38DAB0}.Debug|Any CPU.Build.0 = Debug|Any CPU
		{40204FD5-479C-43C1-8BCE-866EEE38DAB0}.Release|Any CPU.ActiveCfg = Release|Any CPU
		{40204FD5-479C-43C1-8BCE-866EEE38DAB0}.Release|Any CPU.Build.0 = Release|Any CPU
		{465D56C6-97FB-4DF7-AB9C-DAEE6B4999D7}.Debug|Any CPU.ActiveCfg = Debug|Any CPU
		{465D56C6-97FB-4DF7-AB9C-DAEE6B4999D7}.Debug|Any CPU.Build.0 = Debug|Any CPU
		{465D56C6-97FB-4DF7-AB9C-DAEE6B4999D7}.Release|Any CPU.ActiveCfg = Release|Any CPU
		{465D56C6-97FB-4DF7-AB9C-DAEE6B4999D7}.Release|Any CPU.Build.0 = Release|Any CPU
		{4D660715-53D4-4A81-BFB9-12B96D306578}.Debug|Any CPU.ActiveCfg = Debug|Any CPU
		{4D660715-53D4-4A81-BFB9-12B96D306578}.Debug|Any CPU.Build.0 = Debug|Any CPU
		{4D660715-53D4-4A81-BFB9-12B96D306578}.Release|Any CPU.ActiveCfg = Release|Any CPU
		{4D660715-53D4-4A81-BFB9-12B96D306578}.Release|Any CPU.Build.0 = Release|Any CPU
		{7122D4FB-F2C6-4227-80F1-883B30D13B8C}.Debug|Any CPU.ActiveCfg = Debug|Any CPU
		{7122D4FB-F2C6-4227-80F1-883B30D13B8C}.Debug|Any CPU.Build.0 = Debug|Any CPU
		{7122D4FB-F2C6-4227-80F1-883B30D13B8C}.Release|Any CPU.ActiveCfg = Release|Any CPU
		{7122D4FB-F2C6-4227-80F1-883B30D13B8C}.Release|Any CPU.Build.0 = Release|Any CPU
		{9BA4BE60-D015-4EA4-BD67-E6ECA0648118}.Debug|Any CPU.ActiveCfg = Debug|Any CPU
		{9BA4BE60-D015-4EA4-BD67-E6ECA0648118}.Debug|Any CPU.Build.0 = Debug|Any CPU
		{9BA4BE60-D015-4EA4-BD67-E6ECA0648118}.Release|Any CPU.ActiveCfg = Release|Any CPU
		{9BA4BE60-D015-4EA4-BD67-E6ECA0648118}.Release|Any CPU.Build.0 = Release|Any CPU
		{D3759EC1-ACAF-48FB-BC6C-41EEC5A39ABD}.Debug|Any CPU.ActiveCfg = Debug|Any CPU
		{D3759EC1-ACAF-48FB-BC6C-41EEC5A39ABD}.Debug|Any CPU.Build.0 = Debug|Any CPU
		{D3759EC1-ACAF-48FB-BC6C-41EEC5A39ABD}.Release|Any CPU.ActiveCfg = Release|Any CPU
		{D3759EC1-ACAF-48FB-BC6C-41EEC5A39ABD}.Release|Any CPU.Build.0 = Release|Any CPU
		{8AFD82A8-0152-49D5-ADAB-5990CEA64280}.Debug|Any CPU.ActiveCfg = Debug|Any CPU
		{8AFD82A8-0152-49D5-ADAB-5990CEA64280}.Debug|Any CPU.Build.0 = Debug|Any CPU
		{8AFD82A8-0152-49D5-ADAB-5990CEA64280}.Release|Any CPU.ActiveCfg = Release|Any CPU
		{8AFD82A8-0152-49D5-ADAB-5990CEA64280}.Release|Any CPU.Build.0 = Release|Any CPU
		{69D87948-804F-43C7-BA8F-C59CD386A3A7}.Debug|Any CPU.ActiveCfg = Debug|Any CPU
		{69D87948-804F-43C7-BA8F-C59CD386A3A7}.Debug|Any CPU.Build.0 = Debug|Any CPU
		{69D87948-804F-43C7-BA8F-C59CD386A3A7}.Release|Any CPU.ActiveCfg = Release|Any CPU
		{69D87948-804F-43C7-BA8F-C59CD386A3A7}.Release|Any CPU.Build.0 = Release|Any CPU
		{95FBCB54-96EF-4402-9A8D-0814215052A6}.Debug|Any CPU.ActiveCfg = Debug|Any CPU
		{95FBCB54-96EF-4402-9A8D-0814215052A6}.Debug|Any CPU.Build.0 = Debug|Any CPU
		{95FBCB54-96EF-4402-9A8D-0814215052A6}.Release|Any CPU.ActiveCfg = Release|Any CPU
		{95FBCB54-96EF-4402-9A8D-0814215052A6}.Release|Any CPU.Build.0 = Release|Any CPU
		{DC5F7239-B0B9-4746-B6CF-EDC9DB983B68}.Debug|Any CPU.ActiveCfg = Debug|Any CPU
		{DC5F7239-B0B9-4746-B6CF-EDC9DB983B68}.Debug|Any CPU.Build.0 = Debug|Any CPU
		{DC5F7239-B0B9-4746-B6CF-EDC9DB983B68}.Release|Any CPU.ActiveCfg = Release|Any CPU
		{DC5F7239-B0B9-4746-B6CF-EDC9DB983B68}.Release|Any CPU.Build.0 = Release|Any CPU
		{4EEEC64C-82C3-4C27-997A-9C68BC1FF152}.Debug|Any CPU.ActiveCfg = Debug|Any CPU
		{4EEEC64C-82C3-4C27-997A-9C68BC1FF152}.Debug|Any CPU.Build.0 = Debug|Any CPU
		{4EEEC64C-82C3-4C27-997A-9C68BC1FF152}.Release|Any CPU.ActiveCfg = Release|Any CPU
		{4EEEC64C-82C3-4C27-997A-9C68BC1FF152}.Release|Any CPU.Build.0 = Release|Any CPU
	EndGlobalSection
	GlobalSection(SolutionProperties) = preSolution
		HideSolutionNode = FALSE
	EndGlobalSection
	GlobalSection(ExtensibilityGlobals) = postSolution
		SolutionGuid = {E41717D8-4E47-472F-BFCC-5DC924A16BB8}
	EndGlobalSection
EndGlobal
